
Microsoft Visual Studio Solution File, Format Version 12.00
# Visual Studio Version 17
VisualStudioVersion = 17.6.33815.320
MinimumVisualStudioVersion = 10.0.40219.1
Project("{9A19103F-16F7-4668-BE54-9A1E7A4F7556}") = "LibraryManagementSystem.DAL", "LibraryManagementSystem.DAL\LibraryManagementSystem.DAL.csproj", "{DD7D0DE2-84C2-4A47-9296-A0EF8B26EA28}"
EndProject
Project("{9A19103F-16F7-4668-BE54-9A1E7A4F7556}") = "LibraryManagementSystem.BLL", "LibraryManagementSystem.BLL\LibraryManagementSystem.BLL.csproj", "{47AA1AB8-75F5-4172-9EAF-41D787F520B5}"
EndProject
Project("{9A19103F-16F7-4668-BE54-9A1E7A4F7556}") = "LibraryManagementSystem.PL", "LibraryManagementSystem.PL\LibraryManagementSystem.PL.csproj", "{27EE4E18-1163-4B0A-B22F-71DA22CE5B8C}"
EndProject
Global
	GlobalSection(SolutionConfigurationPlatforms) = preSolution
		Debug|Any CPU = Debug|Any CPU
		Release|Any CPU = Release|Any CPU
	EndGlobalSection
	GlobalSection(ProjectConfigurationPlatforms) = postSolution
		{DD7D0DE2-84C2-4A47-9296-A0EF8B26EA28}.Debug|Any CPU.ActiveCfg = Debug|Any CPU
		{DD7D0DE2-84C2-4A47-9296-A0EF8B26EA28}.Debug|Any CPU.Build.0 = Debug|Any CPU
		{DD7D0DE2-84C2-4A47-9296-A0EF8B26EA28}.Release|Any CPU.ActiveCfg = Release|Any CPU
		{DD7D0DE2-84C2-4A47-9296-A0EF8B26EA28}.Release|Any CPU.Build.0 = Release|Any CPU
		{47AA1AB8-75F5-4172-9EAF-41D787F520B5}.Debug|Any CPU.ActiveCfg = Debug|Any CPU
		{47AA1AB8-75F5-4172-9EAF-41D787F520B5}.Debug|Any CPU.Build.0 = Debug|Any CPU
		{47AA1AB8-75F5-4172-9EAF-41D787F520B5}.Release|Any CPU.ActiveCfg = Release|Any CPU
		{47AA1AB8-75F5-4172-9EAF-41D787F520B5}.Release|Any CPU.Build.0 = Release|Any CPU
		{27EE4E18-1163-4B0A-B22F-71DA22CE5B8C}.Debug|Any CPU.ActiveCfg = Debug|Any CPU
		{27EE4E18-1163-4B0A-B22F-71DA22CE5B8C}.Debug|Any CPU.Build.0 = Debug|Any CPU
		{27EE4E18-1163-4B0A-B22F-71DA22CE5B8C}.Release|Any CPU.ActiveCfg = Release|Any CPU
		{27EE4E18-1163-4B0A-B22F-71DA22CE5B8C}.Release|Any CPU.Build.0 = Release|Any CPU
	EndGlobalSection
	GlobalSection(SolutionProperties) = preSolution
		HideSolutionNode = FALSE
	EndGlobalSection
	GlobalSection(ExtensibilityGlobals) = postSolution
		SolutionGuid = {24D698FE-D6DE-4C9E-A057-F94A3EC02E6E}
	EndGlobalSection
EndGlobal
